// !$*UTF8*$!
{
	archiveVersion = 1;
	classes = {
	};
	objectVersion = 50;
	objects = {

/* Begin PBXBuildFile section */
		CFFE209C269EE3DC00650836 /* AppDelegate.swift in Sources */ = {isa = PBXBuildFile; fileRef = CFFE209B269EE3DC00650836 /* AppDelegate.swift */; };
		CFFE209E269EE3DC00650836 /* SceneDelegate.swift in Sources */ = {isa = PBXBuildFile; fileRef = CFFE209D269EE3DC00650836 /* SceneDelegate.swift */; };
		CFFE20A0269EE3DC00650836 /* MovieViewController.swift in Sources */ = {isa = PBXBuildFile; fileRef = CFFE209F269EE3DC00650836 /* MovieViewController.swift */; };
		CFFE20A3269EE3DC00650836 /* Main.storyboard in Resources */ = {isa = PBXBuildFile; fileRef = CFFE20A1269EE3DC00650836 /* Main.storyboard */; };
		CFFE20A5269EE3E000650836 /* Assets.xcassets in Resources */ = {isa = PBXBuildFile; fileRef = CFFE20A4269EE3E000650836 /* Assets.xcassets */; };
		CFFE20A8269EE3E000650836 /* LaunchScreen.storyboard in Resources */ = {isa = PBXBuildFile; fileRef = CFFE20A6269EE3E000650836 /* LaunchScreen.storyboard */; };
		CFFE20B3269EE40700650836 /* Model.swift in Sources */ = {isa = PBXBuildFile; fileRef = CFFE20B2269EE40700650836 /* Model.swift */; };
		CFFE20B7269EE53F00650836 /* ApiService.swift in Sources */ = {isa = PBXBuildFile; fileRef = CFFE20B6269EE53F00650836 /* ApiService.swift */; };
		CFFE20BC269EEAB500650836 /* MovieViewModel.swift in Sources */ = {isa = PBXBuildFile; fileRef = CFFE20BB269EEAB500650836 /* MovieViewModel.swift */; };
		CFFE20BF269EF4A100650836 /* MovieTableViewCell.swift in Sources */ = {isa = PBXBuildFile; fileRef = CFFE20BE269EF4A100650836 /* MovieTableViewCell.swift */; };
/* End PBXBuildFile section */

/* Begin PBXFileReference section */
		CFFE2098269EE3DC00650836 /* PopularVideos.app */ = {isa = PBXFileReference; explicitFileType = wrapper.application; includeInIndex = 0; path = PopularVideos.app; sourceTree = BUILT_PRODUCTS_DIR; };
		CFFE209B269EE3DC00650836 /* AppDelegate.swift */ = {isa = PBXFileReference; lastKnownFileType = sourcecode.swift; path = AppDelegate.swift; sourceTree = "<group>"; };
		CFFE209D269EE3DC00650836 /* SceneDelegate.swift */ = {isa = PBXFileReference; lastKnownFileType = sourcecode.swift; path = SceneDelegate.swift; sourceTree = "<group>"; };
		CFFE209F269EE3DC00650836 /* MovieViewController.swift */ = {isa = PBXFileReference; lastKnownFileType = sourcecode.swift; path = MovieViewController.swift; sourceTree = "<group>"; };
		CFFE20A2269EE3DC00650836 /* Base */ = {isa = PBXFileReference; lastKnownFileType = file.storyboard; name = Base; path = Base.lproj/Main.storyboard; sourceTree = "<group>"; };
		CFFE20A4269EE3E000650836 /* Assets.xcassets */ = {isa = PBXFileReference; lastKnownFileType = folder.assetcatalog; path = Assets.xcassets; sourceTree = "<group>"; };
		CFFE20A7269EE3E000650836 /* Base */ = {isa = PBXFileReference; lastKnownFileType = file.storyboard; name = Base; path = Base.lproj/LaunchScreen.storyboard; sourceTree = "<group>"; };
		CFFE20A9269EE3E000650836 /* Info.plist */ = {isa = PBXFileReference; lastKnownFileType = text.plist.xml; path = Info.plist; sourceTree = "<group>"; };
		CFFE20B2269EE40700650836 /* Model.swift */ = {isa = PBXFileReference; lastKnownFileType = sourcecode.swift; path = Model.swift; sourceTree = "<group>"; };
		CFFE20B6269EE53F00650836 /* ApiService.swift */ = {isa = PBXFileReference; lastKnownFileType = sourcecode.swift; path = ApiService.swift; sourceTree = "<group>"; };
		CFFE20BB269EEAB500650836 /* MovieViewModel.swift */ = {isa = PBXFileReference; lastKnownFileType = sourcecode.swift; path = MovieViewModel.swift; sourceTree = "<group>"; };
		CFFE20BE269EF4A100650836 /* MovieTableViewCell.swift */ = {isa = PBXFileReference; lastKnownFileType = sourcecode.swift; path = MovieTableViewCell.swift; sourceTree = "<group>"; };
/* End PBXFileReference section */

/* Begin PBXFrameworksBuildPhase section */
		CFFE2095269EE3DC00650836 /* Frameworks */ = {
			isa = PBXFrameworksBuildPhase;
			buildActionMask = 2147483647;
			files = (
			);
			runOnlyForDeploymentPostprocessing = 0;
		};
/* End PBXFrameworksBuildPhase section */

/* Begin PBXGroup section */
		CFFE208F269EE3DC00650836 = {
			isa = PBXGroup;
			children = (
				CFFE209A269EE3DC00650836 /* PopularVideos */,
				CFFE2099269EE3DC00650836 /* Products */,
			);
			sourceTree = "<group>";
		};
		CFFE2099269EE3DC00650836 /* Products */ = {
			isa = PBXGroup;
			children = (
				CFFE2098269EE3DC00650836 /* PopularVideos.app */,
			);
			name = Products;
			sourceTree = "<group>";
		};
		CFFE209A269EE3DC00650836 /* PopularVideos */ = {
			isa = PBXGroup;
			children = (
				CFFE20C5269EFB9300650836 /* View */,
				CFFE20C4269EFB7D00650836 /* ViewModel */,
				CFFE20C1269EFB4200650836 /* Controller */,
				CFFE20B9269EE99100650836 /* Networking */,
				CFFE20B0269EE3E800650836 /* Application */,
				CFFE20A4269EE3E000650836 /* Assets.xcassets */,
				CFFE20A9269EE3E000650836 /* Info.plist */,
				CFFE20B5269EE52200650836 /* Model */,
			);
			path = PopularVideos;
			sourceTree = "<group>";
		};
		CFFE20B0269EE3E800650836 /* Application */ = {
			isa = PBXGroup;
			children = (
				CFFE209B269EE3DC00650836 /* AppDelegate.swift */,
				CFFE209D269EE3DC00650836 /* SceneDelegate.swift */,
			);
			path = Application;
			sourceTree = "<group>";
		};
		CFFE20B5269EE52200650836 /* Model */ = {
			isa = PBXGroup;
			children = (
				CFFE20B2269EE40700650836 /* Model.swift */,
			);
			path = Model;
			sourceTree = "<group>";
		};
		CFFE20B9269EE99100650836 /* Networking */ = {
			isa = PBXGroup;
			children = (
				CFFE20B6269EE53F00650836 /* ApiService.swift */,
			);
			path = Networking;
			sourceTree = "<group>";
		};
		CFFE20C1269EFB4200650836 /* Controller */ = {
			isa = PBXGroup;
			children = (
				CFFE209F269EE3DC00650836 /* MovieViewController.swift */,
			);
			path = Controller;
			sourceTree = "<group>";
		};
		CFFE20C4269EFB7D00650836 /* ViewModel */ = {
			isa = PBXGroup;
			children = (
				CFFE20BB269EEAB500650836 /* MovieViewModel.swift */,
			);
			path = ViewModel;
			sourceTree = "<group>";
		};
		CFFE20C5269EFB9300650836 /* View */ = {
			isa = PBXGroup;
			children = (
				CFFE20BE269EF4A100650836 /* MovieTableViewCell.swift */,
				CFFE20A1269EE3DC00650836 /* Main.storyboard */,
				CFFE20A6269EE3E000650836 /* LaunchScreen.storyboard */,
			);
			path = View;
			sourceTree = "<group>";
		};
/* End PBXGroup section */

/* Begin PBXNativeTarget section */
		CFFE2097269EE3DC00650836 /* PopularVideos */ = {
			isa = PBXNativeTarget;
			buildConfigurationList = CFFE20AC269EE3E000650836 /* Build configuration list for PBXNativeTarget "PopularVideos" */;
			buildPhases = (
				CFFE2094269EE3DC00650836 /* Sources */,
				CFFE2095269EE3DC00650836 /* Frameworks */,
				CFFE2096269EE3DC00650836 /* Resources */,
			);
			buildRules = (
			);
			dependencies = (
			);
			name = PopularVideos;
			productName = PopularVideos;
			productReference = CFFE2098269EE3DC00650836 /* PopularVideos.app */;
			productType = "com.apple.product-type.application";
		};
/* End PBXNativeTarget section */

/* Begin PBXProject section */
		CFFE2090269EE3DC00650836 /* Project object */ = {
			isa = PBXProject;
			attributes = {
				LastSwiftUpdateCheck = 1240;
				LastUpgradeCheck = 1240;
				TargetAttributes = {
					CFFE2097269EE3DC00650836 = {
						CreatedOnToolsVersion = 12.4;
					};
				};
			};
			buildConfigurationList = CFFE2093269EE3DC00650836 /* Build configuration list for PBXProject "PopularVideos" */;
			compatibilityVersion = "Xcode 9.3";
			developmentRegion = en;
			hasScannedForEncodings = 0;
			knownRegions = (
				en,
				Base,
			);
			mainGroup = CFFE208F269EE3DC00650836;
			productRefGroup = CFFE2099269EE3DC00650836 /* Products */;
			projectDirPath = "";
			projectRoot = "";
			targets = (
				CFFE2097269EE3DC00650836 /* PopularVideos */,
			);
		};
/* End PBXProject section */

/* Begin PBXResourcesBuildPhase section */
		CFFE2096269EE3DC00650836 /* Resources */ = {
			isa = PBXResourcesBuildPhase;
			buildActionMask = 2147483647;
			files = (
				CFFE20A8269EE3E000650836 /* LaunchScreen.storyboard in Resources */,
				CFFE20A5269EE3E000650836 /* Assets.xcassets in Resources */,
				CFFE20A3269EE3DC00650836 /* Main.storyboard in Resources */,
			);
			runOnlyForDeploymentPostprocessing = 0;
		};
/* End PBXResourcesBuildPhase section */

/* Begin PBXSourcesBuildPhase section */
		CFFE2094269EE3DC00650836 /* Sources */ = {
			isa = PBXSourcesBuildPhase;
			buildActionMask = 2147483647;
			files = (
				CFFE20A0269EE3DC00650836 /* MovieViewController.swift in Sources */,
				CFFE20B7269EE53F00650836 /* ApiService.swift in Sources */,
				CFFE20BF269EF4A100650836 /* MovieTableViewCell.swift in Sources */,
				CFFE209C269EE3DC00650836 /* AppDelegate.swift in Sources */,
				CFFE209E269EE3DC00650836 /* SceneDelegate.swift in Sources */,
				CFFE20B3269EE40700650836 /* Model.swift in Sources */,
				CFFE20BC269EEAB500650836 /* MovieViewModel.swift in Sources */,
			);
			runOnlyForDeploymentPostprocessing = 0;
		};
/* End PBXSourcesBuildPhase section */

/* Begin PBXVariantGroup section */
		CFFE20A1269EE3DC00650836 /* Main.storyboard */ = {
			isa = PBXVariantGroup;
			children = (
				CFFE20A2269EE3DC00650836 /* Base */,
			);
			name = Main.storyboard;
			sourceTree = "<group>";
		};
		CFFE20A6269EE3E000650836 /* LaunchScreen.storyboard */ = {
			isa = PBXVariantGroup;
			children = (
				CFFE20A7269EE3E000650836 /* Base */,
			);
			name = LaunchScreen.storyboard;
			sourceTree = "<group>";
		};
/* End PBXVariantGroup section */

/* Begin XCBuildConfiguration section */
		CFFE20AA269EE3E000650836 /* Debug */ = {
			isa = XCBuildConfiguration;
			buildSettings = {
				ALWAYS_SEARCH_USER_PATHS = NO;
				CLANG_ANALYZER_NONNULL = YES;
				CLANG_ANALYZER_NUMBER_OBJECT_CONVERSION = YES_AGGRESSIVE;
				CLANG_CXX_LANGUAGE_STANDARD = "gnu++14";
				CLANG_CXX_LIBRARY = "libc++";
				CLANG_ENABLE_MODULES = YES;
				CLANG_ENABLE_OBJC_ARC = YES;
				CLANG_ENABLE_OBJC_WEAK = YES;
				CLANG_WARN_BLOCK_CAPTURE_AUTORELEASING = YES;
				CLANG_WARN_BOOL_CONVERSION = YES;
				CLANG_WARN_COMMA = YES;
				CLANG_WARN_CONSTANT_CONVERSION = YES;
				CLANG_WARN_DEPRECATED_OBJC_IMPLEMENTATIONS = YES;
				CLANG_WARN_DIRECT_OBJC_ISA_USAGE = YES_ERROR;
				CLANG_WARN_DOCUMENTATION_COMMENTS = YES;
				CLANG_WARN_EMPTY_BODY = YES;
				CLANG_WARN_ENUM_CONVERSION = YES;
				CLANG_WARN_INFINITE_RECURSION = YES;
				CLANG_WARN_INT_CONVERSION = YES;
				CLANG_WARN_NON_LITERAL_NULL_CONVERSION = YES;
				CLANG_WARN_OBJC_IMPLICIT_RETAIN_SELF = YES;
				CLANG_WARN_OBJC_LITERAL_CONVERSION = YES;
				CLANG_WARN_OBJC_ROOT_CLASS = YES_ERROR;
				CLANG_WARN_QUOTED_INCLUDE_IN_FRAMEWORK_HEADER = YES;
				CLANG_WARN_RANGE_LOOP_ANALYSIS = YES;
				CLANG_WARN_STRICT_PROTOTYPES = YES;
				CLANG_WARN_SUSPICIOUS_MOVE = YES;
				CLANG_WARN_UNGUARDED_AVAILABILITY = YES_AGGRESSIVE;
				CLANG_WARN_UNREACHABLE_CODE = YES;
				CLANG_WARN__DUPLICATE_METHOD_MATCH = YES;
				COPY_PHASE_STRIP = NO;
				DEBUG_INFORMATION_FORMAT = dwarf;
				ENABLE_STRICT_OBJC_MSGSEND = YES;
				ENABLE_TESTABILITY = YES;
				GCC_C_LANGUAGE_STANDARD = gnu11;
				GCC_DYNAMIC_NO_PIC = NO;
				GCC_NO_COMMON_BLOCKS = YES;
				GCC_OPTIMIZATION_LEVEL = 0;
				GCC_PREPROCESSOR_DEFINITIONS = (
					"DEBUG=1",
					"$(inherited)",
				);
				GCC_WARN_64_TO_32_BIT_CONVERSION = YES;
				GCC_WARN_ABOUT_RETURN_TYPE = YES_ERROR;
				GCC_WARN_UNDECLARED_SELECTOR = YES;
				GCC_WARN_UNINITIALIZED_AUTOS = YES_AGGRESSIVE;
				GCC_WARN_UNUSED_FUNCTION = YES;
				GCC_WARN_UNUSED_VARIABLE = YES;
				IPHONEOS_DEPLOYMENT_TARGET = 14.4;
				MTL_ENABLE_DEBUG_INFO = INCLUDE_SOURCE;
				MTL_FAST_MATH = YES;
				ONLY_ACTIVE_ARCH = YES;
				SDKROOT = iphoneos;
				SWIFT_ACTIVE_COMPILATION_CONDITIONS = DEBUG;
				SWIFT_OPTIMIZATION_LEVEL = "-Onone";
			};
			name = Debug;
		};
		CFFE20AB269EE3E000650836 /* Release */ = {
			isa = XCBuildConfiguration;
			buildSettings = {
				ALWAYS_SEARCH_USER_PATHS = NO;
				CLANG_ANALYZER_NONNULL = YES;
				CLANG_ANALYZER_NUMBER_OBJECT_CONVERSION = YES_AGGRESSIVE;
				CLANG_CXX_LANGUAGE_STANDARD = "gnu++14";
				CLANG_CXX_LIBRARY = "libc++";
				CLANG_ENABLE_MODULES = YES;
				CLANG_ENABLE_OBJC_ARC = YES;
				CLANG_ENABLE_OBJC_WEAK = YES;
				CLANG_WARN_BLOCK_CAPTURE_AUTORELEASING = YES;
				CLANG_WARN_BOOL_CONVERSION = YES;
				CLANG_WARN_COMMA = YES;
				CLANG_WARN_CONSTANT_CONVERSION = YES;
				CLANG_WARN_DEPRECATED_OBJC_IMPLEMENTATIONS = YES;
				CLANG_WARN_DIRECT_OBJC_ISA_USAGE = YES_ERROR;
				CLANG_WARN_DOCUMENTATION_COMMENTS = YES;
				CLANG_WARN_EMPTY_BODY = YES;
				CLANG_WARN_ENUM_CONVERSION = YES;
				CLANG_WARN_INFINITE_RECURSION = YES;
				CLANG_WARN_INT_CONVERSION = YES;
				CLANG_WARN_NON_LITERAL_NULL_CONVERSION = YES;
				CLANG_WARN_OBJC_IMPLICIT_RETAIN_SELF = YES;
				CLANG_WARN_OBJC_LITERAL_CONVERSION = YES;
				CLANG_WARN_OBJC_ROOT_CLASS = YES_ERROR;
				CLANG_WARN_QUOTED_INCLUDE_IN_FRAMEWORK_HEADER = YES;
				CLANG_WARN_RANGE_LOOP_ANALYSIS = YES;
				CLANG_WARN_STRICT_PROTOTYPES = YES;
				CLANG_WARN_SUSPICIOUS_MOVE = YES;
				CLANG_WARN_UNGUARDED_AVAILABILITY = YES_AGGRESSIVE;
				CLANG_WARN_UNREACHABLE_CODE = YES;
				CLANG_WARN__DUPLICATE_METHOD_MATCH = YES;
				COPY_PHASE_STRIP = NO;
				DEBUG_INFORMATION_FORMAT = "dwarf-with-dsym";
				ENABLE_NS_ASSERTIONS = NO;
				ENABLE_STRICT_OBJC_MSGSEND = YES;
				GCC_C_LANGUAGE_STANDARD = gnu11;
				GCC_NO_COMMON_BLOCKS = YES;
				GCC_WARN_64_TO_32_BIT_CONVERSION = YES;
				GCC_WARN_ABOUT_RETURN_TYPE = YES_ERROR;
				GCC_WARN_UNDECLARED_SELECTOR = YES;
				GCC_WARN_UNINITIALIZED_AUTOS = YES_AGGRESSIVE;
				GCC_WARN_UNUSED_FUNCTION = YES;
				GCC_WARN_UNUSED_VARIABLE = YES;
				IPHONEOS_DEPLOYMENT_TARGET = 14.4;
				MTL_ENABLE_DEBUG_INFO = NO;
				MTL_FAST_MATH = YES;
				SDKROOT = iphoneos;
				SWIFT_COMPILATION_MODE = wholemodule;
				SWIFT_OPTIMIZATION_LEVEL = "-O";
				VALIDATE_PRODUCT = YES;
			};
			name = Release;
		};
		CFFE20AD269EE3E000650836 /* Debug */ = {
			isa = XCBuildConfiguration;
			buildSettings = {
				ASSETCATALOG_COMPILER_APPICON_NAME = AppIcon;
				ASSETCATALOG_COMPILER_GLOBAL_ACCENT_COLOR_NAME = AccentColor;
				CODE_SIGN_STYLE = Automatic;
				DEVELOPMENT_TEAM = 59U3Y8MDY6;
				INFOPLIST_FILE = PopularVideos/Info.plist;
				LD_RUNPATH_SEARCH_PATHS = (
					"$(inherited)",
					"@executable_path/Frameworks",
				);
				PRODUCT_BUNDLE_IDENTIFIER = QV.PopularVideos;
				PRODUCT_NAME = "$(TARGET_NAME)";
				SWIFT_VERSION = 5.0;
				TARGETED_DEVICE_FAMILY = "1,2";
			};
			name = Debug;
		};
		CFFE20AE269EE3E000650836 /* Release */ = {
			isa = XCBuildConfiguration;
			buildSettings = {
				ASSETCATALOG_COMPILER_APPICON_NAME = AppIcon;
				ASSETCATALOG_COMPILER_GLOBAL_ACCENT_COLOR_NAME = AccentColor;
				CODE_SIGN_STYLE = Automatic;
				DEVELOPMENT_TEAM = 59U3Y8MDY6;
				INFOPLIST_FILE = PopularVideos/Info.plist;
				LD_RUNPATH_SEARCH_PATHS = (
					"$(inherited)",
					"@executable_path/Frameworks",
				);
				PRODUCT_BUNDLE_IDENTIFIER = QV.PopularVideos;
				PRODUCT_NAME = "$(TARGET_NAME)";
				SWIFT_VERSION = 5.0;
				TARGETED_DEVICE_FAMILY = "1,2";
			};
			name = Release;
		};
/* End XCBuildConfiguration section */

/* Begin XCConfigurationList section */
		CFFE2093269EE3DC00650836 /* Build configuration list for PBXProject "PopularVideos" */ = {
			isa = XCConfigurationList;
			buildConfigurations = (
				CFFE20AA269EE3E000650836 /* Debug */,
				CFFE20AB269EE3E000650836 /* Release */,
			);
			defaultConfigurationIsVisible = 0;
			defaultConfigurationName = Release;
		};
		CFFE20AC269EE3E000650836 /* Build configuration list for PBXNativeTarget "PopularVideos" */ = {
			isa = XCConfigurationList;
			buildConfigurations = (
				CFFE20AD269EE3E000650836 /* Debug */,
				CFFE20AE269EE3E000650836 /* Release */,
			);
			defaultConfigurationIsVisible = 0;
			defaultConfigurationName = Release;
		};
/* End XCConfigurationList section */
	};
	rootObject = CFFE2090269EE3DC00650836 /* Project object */;
}
